{
  "version": "5",
  "specifiers": {
    "jsr:@viviengraffin/ip-context@0.1.6": "0.1.6"
  },
  "jsr": {
    "@viviengraffin/ip-context@0.1.6": {
      "integrity": "76a28523e617cd8fffd92ba3b88b633a9cd1bd64f11a5ad33486079f49e4cda1"
    }
  },
  "workspace": {
    "dependencies": [
      "jsr:@viviengraffin/ip-context@0.1.6"
    ]
  }
}
