{
  "version": "5",
  "specifiers": {
    "jsr:@viviengraffin/ip-context@~0.1.5": "0.1.5"
  },
  "jsr": {
    "@viviengraffin/ip-context@0.1.5": {
      "integrity": "b18c8a6a472086c24916838eb3ea69b0dc8aab8b9f9e70ae9c76a3ac4c97ea41"
    }
  },
  "workspace": {
    "dependencies": [
      "jsr:@viviengraffin/ip-context@~0.1.5"
    ]
  }
}
